# Generated by pub
# See https://dart.dev/tools/pub/glossary#lockfile
packages:
  ansicolor:
    dependency: "direct main"
    description:
      name: ansicolor
      url: "https://pub.dartlang.org"
    source: hosted
    version: "2.0.1"
  args:
    dependency: "direct main"
    description:
      name: args
      url: "https://pub.dartlang.org"
    source: hosted
    version: "2.2.0"
  mustache_template:
    dependency: "direct main"
    description:
      name: mustache_template
      url: "https://pub.dartlang.org"
    source: hosted
    version: "2.0.0"
  path:
    dependency: "direct main"
    description:
      name: path
      url: "https://pub.dartlang.org"
    source: hosted
    version: "1.8.0"
sdks:
  dart: ">=2.12.0 <3.0.0"
